// !$*UTF8*$!
{
	archiveVersion = 1;
	classes = {
	};
	objectVersion = 46;
	objects = {

/* Begin PBXBuildFile section */
		1816D7731F39CC160050F336 /* main.cpp in Sources */ = {isa = PBXBuildFile; fileRef = 1816D7721F39CC160050F336 /* main.cpp */; };
		1816D77B1F39CCAB0050F336 /* OpenGL.framework in Frameworks */ = {isa = PBXBuildFile; fileRef = 1816D77A1F39CCAB0050F336 /* OpenGL.framework */; };
		1816D77D1F39CCD40050F336 /* libGLEW.2.0.0.dylib in Frameworks */ = {isa = PBXBuildFile; fileRef = 1816D77C1F39CCD40050F336 /* libGLEW.2.0.0.dylib */; };
		1816D77F1F39CCE70050F336 /* libglfw.3.2.dylib in Frameworks */ = {isa = PBXBuildFile; fileRef = 1816D77E1F39CCE70050F336 /* libglfw.3.2.dylib */; };
		186C421F1F3F77C900B45785 /* Shader.cpp in Sources */ = {isa = PBXBuildFile; fileRef = 186C421D1F3F77C900B45785 /* Shader.cpp */; };
		186C42251F40DF5000B45785 /* stb_image.cpp in Sources */ = {isa = PBXBuildFile; fileRef = 186C42231F40DF5000B45785 /* stb_image.cpp */; };
		1878A9991F3E280E00B0C0DC /* Visualizer.cpp in Sources */ = {isa = PBXBuildFile; fileRef = 1878A9971F3E280E00B0C0DC /* Visualizer.cpp */; };
		18D995021F3A0DC50012551B /* glad.c in Sources */ = {isa = PBXBuildFile; fileRef = 18D995011F3A0DC50012551B /* glad.c */; };
/* End PBXBuildFile section */

/* Begin PBXCopyFilesBuildPhase section */
		1816D76D1F39CC160050F336 /* CopyFiles */ = {
			isa = PBXCopyFilesBuildPhase;
			buildActionMask = 2147483647;
			dstPath = /usr/share/man/man1/;
			dstSubfolderSpec = 0;
			files = (
			);
			runOnlyForDeploymentPostprocessing = 1;
		};
/* End PBXCopyFilesBuildPhase section */

/* Begin PBXFileReference section */
		1816D76F1F39CC160050F336 /* FinalProject */ = {isa = PBXFileReference; explicitFileType = "compiled.mach-o.executable"; includeInIndex = 0; path = FinalProject; sourceTree = BUILT_PRODUCTS_DIR; };
		1816D7721F39CC160050F336 /* main.cpp */ = {isa = PBXFileReference; lastKnownFileType = sourcecode.cpp.cpp; path = main.cpp; sourceTree = "<group>"; };
		1816D77A1F39CCAB0050F336 /* OpenGL.framework */ = {isa = PBXFileReference; lastKnownFileType = wrapper.framework; name = OpenGL.framework; path = System/Library/Frameworks/OpenGL.framework; sourceTree = SDKROOT; };
		1816D77C1F39CCD40050F336 /* libGLEW.2.0.0.dylib */ = {isa = PBXFileReference; lastKnownFileType = "compiled.mach-o.dylib"; name = libGLEW.2.0.0.dylib; path = ../../../../../../../../usr/local/Cellar/glew/2.0.0/lib/libGLEW.2.0.0.dylib; sourceTree = "<group>"; };
		1816D77E1F39CCE70050F336 /* libglfw.3.2.dylib */ = {isa = PBXFileReference; lastKnownFileType = "compiled.mach-o.dylib"; name = libglfw.3.2.dylib; path = ../../../../../../../../usr/local/Cellar/glfw/3.2.1/lib/libglfw.3.2.dylib; sourceTree = "<group>"; };
		186C421D1F3F77C900B45785 /* Shader.cpp */ = {isa = PBXFileReference; fileEncoding = 4; lastKnownFileType = sourcecode.cpp.cpp; path = Shader.cpp; sourceTree = "<group>"; };
		186C421E1F3F77C900B45785 /* Shader.hpp */ = {isa = PBXFileReference; fileEncoding = 4; lastKnownFileType = sourcecode.cpp.h; path = Shader.hpp; sourceTree = "<group>"; };
		186C42201F3F7E0A00B45785 /* VertexShader.glsl */ = {isa = PBXFileReference; fileEncoding = 4; lastKnownFileType = text; path = VertexShader.glsl; sourceTree = "<group>"; };
		186C42211F3F7E5200B45785 /* FragmentShader.glsl */ = {isa = PBXFileReference; fileEncoding = 4; lastKnownFileType = text; path = FragmentShader.glsl; sourceTree = "<group>"; };
		186C42221F40DBFB00B45785 /* Resource */ = {isa = PBXFileReference; lastKnownFileType = folder; name = Resource; path = FinalProject/Resource; sourceTree = "<group>"; };
		186C42231F40DF5000B45785 /* stb_image.cpp */ = {isa = PBXFileReference; fileEncoding = 4; lastKnownFileType = sourcecode.cpp.cpp; path = stb_image.cpp; sourceTree = "<group>"; };
		186C42241F40DF5000B45785 /* stb_image.hpp */ = {isa = PBXFileReference; fileEncoding = 4; lastKnownFileType = sourcecode.cpp.h; path = stb_image.hpp; sourceTree = "<group>"; };
		1878A9971F3E280E00B0C0DC /* Visualizer.cpp */ = {isa = PBXFileReference; fileEncoding = 4; lastKnownFileType = sourcecode.cpp.cpp; path = Visualizer.cpp; sourceTree = "<group>"; };
		1878A9981F3E280E00B0C0DC /* Visualizer.hpp */ = {isa = PBXFileReference; fileEncoding = 4; lastKnownFileType = sourcecode.cpp.h; path = Visualizer.hpp; sourceTree = "<group>"; };
		18D995011F3A0DC50012551B /* glad.c */ = {isa = PBXFileReference; fileEncoding = 4; lastKnownFileType = sourcecode.c.c; path = glad.c; sourceTree = "<group>"; };
/* End PBXFileReference section */

/* Begin PBXFrameworksBuildPhase section */
		1816D76C1F39CC160050F336 /* Frameworks */ = {
			isa = PBXFrameworksBuildPhase;
			buildActionMask = 2147483647;
			files = (
				1816D77F1F39CCE70050F336 /* libglfw.3.2.dylib in Frameworks */,
				1816D77D1F39CCD40050F336 /* libGLEW.2.0.0.dylib in Frameworks */,
				1816D77B1F39CCAB0050F336 /* OpenGL.framework in Frameworks */,
			);
			runOnlyForDeploymentPostprocessing = 0;
		};
/* End PBXFrameworksBuildPhase section */

/* Begin PBXGroup section */
		1816D7661F39CC160050F336 = {
			isa = PBXGroup;
			children = (
				186C42221F40DBFB00B45785 /* Resource */,
				1816D7711F39CC160050F336 /* FinalProject */,
				1816D7701F39CC160050F336 /* Products */,
				1816D7791F39CCAB0050F336 /* Frameworks */,
			);
			sourceTree = "<group>";
		};
		1816D7701F39CC160050F336 /* Products */ = {
			isa = PBXGroup;
			children = (
				1816D76F1F39CC160050F336 /* FinalProject */,
			);
			name = Products;
			sourceTree = "<group>";
		};
		1816D7711F39CC160050F336 /* FinalProject */ = {
			isa = PBXGroup;
			children = (
				18D995011F3A0DC50012551B /* glad.c */,
				1816D7721F39CC160050F336 /* main.cpp */,
				1878A9971F3E280E00B0C0DC /* Visualizer.cpp */,
				1878A9981F3E280E00B0C0DC /* Visualizer.hpp */,
				186C421D1F3F77C900B45785 /* Shader.cpp */,
				186C421E1F3F77C900B45785 /* Shader.hpp */,
				186C42201F3F7E0A00B45785 /* VertexShader.glsl */,
				186C42211F3F7E5200B45785 /* FragmentShader.glsl */,
				186C42231F40DF5000B45785 /* stb_image.cpp */,
				186C42241F40DF5000B45785 /* stb_image.hpp */,
			);
			path = FinalProject;
			sourceTree = "<group>";
		};
		1816D7791F39CCAB0050F336 /* Frameworks */ = {
			isa = PBXGroup;
			children = (
				1816D77E1F39CCE70050F336 /* libglfw.3.2.dylib */,
				1816D77C1F39CCD40050F336 /* libGLEW.2.0.0.dylib */,
				1816D77A1F39CCAB0050F336 /* OpenGL.framework */,
			);
			name = Frameworks;
			sourceTree = "<group>";
		};
/* End PBXGroup section */

/* Begin PBXNativeTarget section */
		1816D76E1F39CC160050F336 /* FinalProject */ = {
			isa = PBXNativeTarget;
			buildConfigurationList = 1816D7761F39CC160050F336 /* Build configuration list for PBXNativeTarget "FinalProject" */;
			buildPhases = (
				1816D76B1F39CC160050F336 /* Sources */,
				1816D76C1F39CC160050F336 /* Frameworks */,
				1816D76D1F39CC160050F336 /* CopyFiles */,
			);
			buildRules = (
			);
			dependencies = (
			);
			name = FinalProject;
			productName = FinalProject;
			productReference = 1816D76F1F39CC160050F336 /* FinalProject */;
			productType = "com.apple.product-type.tool";
		};
/* End PBXNativeTarget section */

/* Begin PBXProject section */
		1816D7671F39CC160050F336 /* Project object */ = {
			isa = PBXProject;
			attributes = {
				LastUpgradeCheck = 0820;
				ORGANIZATIONNAME = rapidRonald;
				TargetAttributes = {
					1816D76E1F39CC160050F336 = {
						CreatedOnToolsVersion = 8.2.1;
						DevelopmentTeam = 2WG64TB38H;
						ProvisioningStyle = Automatic;
					};
				};
			};
			buildConfigurationList = 1816D76A1F39CC160050F336 /* Build configuration list for PBXProject "FinalProject" */;
			compatibilityVersion = "Xcode 3.2";
			developmentRegion = English;
			hasScannedForEncodings = 0;
			knownRegions = (
				en,
			);
			mainGroup = 1816D7661F39CC160050F336;
			productRefGroup = 1816D7701F39CC160050F336 /* Products */;
			projectDirPath = "";
			projectRoot = "";
			targets = (
				1816D76E1F39CC160050F336 /* FinalProject */,
			);
		};
/* End PBXProject section */

/* Begin PBXSourcesBuildPhase section */
		1816D76B1F39CC160050F336 /* Sources */ = {
			isa = PBXSourcesBuildPhase;
			buildActionMask = 2147483647;
			files = (
				1878A9991F3E280E00B0C0DC /* Visualizer.cpp in Sources */,
				1816D7731F39CC160050F336 /* main.cpp in Sources */,
				186C42251F40DF5000B45785 /* stb_image.cpp in Sources */,
				186C421F1F3F77C900B45785 /* Shader.cpp in Sources */,
				18D995021F3A0DC50012551B /* glad.c in Sources */,
			);
			runOnlyForDeploymentPostprocessing = 0;
		};
/* End PBXSourcesBuildPhase section */

/* Begin XCBuildConfiguration section */
		1816D7741F39CC160050F336 /* Debug */ = {
			isa = XCBuildConfiguration;
			buildSettings = {
				ALWAYS_SEARCH_USER_PATHS = NO;
				CLANG_ANALYZER_NONNULL = YES;
				CLANG_CXX_LANGUAGE_STANDARD = "gnu++0x";
				CLANG_CXX_LIBRARY = "libc++";
				CLANG_ENABLE_MODULES = YES;
				CLANG_ENABLE_OBJC_ARC = YES;
				CLANG_WARN_BOOL_CONVERSION = YES;
				CLANG_WARN_CONSTANT_CONVERSION = YES;
				CLANG_WARN_DIRECT_OBJC_ISA_USAGE = YES_ERROR;
				CLANG_WARN_DOCUMENTATION_COMMENTS = YES;
				CLANG_WARN_EMPTY_BODY = YES;
				CLANG_WARN_ENUM_CONVERSION = YES;
				CLANG_WARN_INFINITE_RECURSION = YES;
				CLANG_WARN_INT_CONVERSION = YES;
				CLANG_WARN_OBJC_ROOT_CLASS = YES_ERROR;
				CLANG_WARN_SUSPICIOUS_MOVE = YES;
				CLANG_WARN_UNREACHABLE_CODE = YES;
				CLANG_WARN__DUPLICATE_METHOD_MATCH = YES;
				CODE_SIGN_IDENTITY = "-";
				COPY_PHASE_STRIP = NO;
				DEBUG_INFORMATION_FORMAT = dwarf;
				ENABLE_STRICT_OBJC_MSGSEND = YES;
				ENABLE_TESTABILITY = YES;
				GCC_C_LANGUAGE_STANDARD = gnu99;
				GCC_DYNAMIC_NO_PIC = NO;
				GCC_NO_COMMON_BLOCKS = YES;
				GCC_OPTIMIZATION_LEVEL = 0;
				GCC_PREPROCESSOR_DEFINITIONS = (
					"DEBUG=1",
					"$(inherited)",
				);
				GCC_WARN_64_TO_32_BIT_CONVERSION = YES;
				GCC_WARN_ABOUT_RETURN_TYPE = YES_ERROR;
				GCC_WARN_UNDECLARED_SELECTOR = YES;
				GCC_WARN_UNINITIALIZED_AUTOS = YES_AGGRESSIVE;
				GCC_WARN_UNUSED_FUNCTION = YES;
				GCC_WARN_UNUSED_VARIABLE = YES;
				MACOSX_DEPLOYMENT_TARGET = 10.11;
				MTL_ENABLE_DEBUG_INFO = YES;
				ONLY_ACTIVE_ARCH = YES;
				SDKROOT = macosx;
			};
			name = Debug;
		};
		1816D7751F39CC160050F336 /* Release */ = {
			isa = XCBuildConfiguration;
			buildSettings = {
				ALWAYS_SEARCH_USER_PATHS = NO;
				CLANG_ANALYZER_NONNULL = YES;
				CLANG_CXX_LANGUAGE_STANDARD = "gnu++0x";
				CLANG_CXX_LIBRARY = "libc++";
				CLANG_ENABLE_MODULES = YES;
				CLANG_ENABLE_OBJC_ARC = YES;
				CLANG_WARN_BOOL_CONVERSION = YES;
				CLANG_WARN_CONSTANT_CONVERSION = YES;
				CLANG_WARN_DIRECT_OBJC_ISA_USAGE = YES_ERROR;
				CLANG_WARN_DOCUMENTATION_COMMENTS = YES;
				CLANG_WARN_EMPTY_BODY = YES;
				CLANG_WARN_ENUM_CONVERSION = YES;
				CLANG_WARN_INFINITE_RECURSION = YES;
				CLANG_WARN_INT_CONVERSION = YES;
				CLANG_WARN_OBJC_ROOT_CLASS = YES_ERROR;
				CLANG_WARN_SUSPICIOUS_MOVE = YES;
				CLANG_WARN_UNREACHABLE_CODE = YES;
				CLANG_WARN__DUPLICATE_METHOD_MATCH = YES;
				CODE_SIGN_IDENTITY = "-";
				COPY_PHASE_STRIP = NO;
				DEBUG_INFORMATION_FORMAT = "dwarf-with-dsym";
				ENABLE_NS_ASSERTIONS = NO;
				ENABLE_STRICT_OBJC_MSGSEND = YES;
				GCC_C_LANGUAGE_STANDARD = gnu99;
				GCC_NO_COMMON_BLOCKS = YES;
				GCC_WARN_64_TO_32_BIT_CONVERSION = YES;
				GCC_WARN_ABOUT_RETURN_TYPE = YES_ERROR;
				GCC_WARN_UNDECLARED_SELECTOR = YES;
				GCC_WARN_UNINITIALIZED_AUTOS = YES_AGGRESSIVE;
				GCC_WARN_UNUSED_FUNCTION = YES;
				GCC_WARN_UNUSED_VARIABLE = YES;
				MACOSX_DEPLOYMENT_TARGET = 10.11;
				MTL_ENABLE_DEBUG_INFO = NO;
				SDKROOT = macosx;
			};
			name = Release;
		};
		1816D7771F39CC160050F336 /* Debug */ = {
			isa = XCBuildConfiguration;
			buildSettings = {
				DEVELOPMENT_TEAM = 2WG64TB38H;
				HEADER_SEARCH_PATHS = (
					/usr/local/lib,
					/usr/local/include/glad,
					/usr/local/include,
					/usr/local/include/KHR,
				);
				LIBRARY_SEARCH_PATHS = (
					/usr/local/Cellar/glfw/3.2.1/lib,
					/usr/local/Cellar/glew/2.0.0/lib,
				);
				PRODUCT_NAME = "$(TARGET_NAME)";
				REZ_SEARCH_PATHS = "";
			};
			name = Debug;
		};
		1816D7781F39CC160050F336 /* Release */ = {
			isa = XCBuildConfiguration;
			buildSettings = {
				DEVELOPMENT_TEAM = 2WG64TB38H;
				HEADER_SEARCH_PATHS = (
					/usr/local/lib,
					/usr/local/include/glad,
					/usr/local/include,
					/usr/local/include/KHR,
				);
				LIBRARY_SEARCH_PATHS = (
					/usr/local/Cellar/glfw/3.2.1/lib,
					/usr/local/Cellar/glew/2.0.0/lib,
				);
				PRODUCT_NAME = "$(TARGET_NAME)";
				REZ_SEARCH_PATHS = "";
			};
			name = Release;
		};
/* End XCBuildConfiguration section */

/* Begin XCConfigurationList section */
		1816D76A1F39CC160050F336 /* Build configuration list for PBXProject "FinalProject" */ = {
			isa = XCConfigurationList;
			buildConfigurations = (
				1816D7741F39CC160050F336 /* Debug */,
				1816D7751F39CC160050F336 /* Release */,
			);
			defaultConfigurationIsVisible = 0;
			defaultConfigurationName = Release;
		};
		1816D7761F39CC160050F336 /* Build configuration list for PBXNativeTarget "FinalProject" */ = {
			isa = XCConfigurationList;
			buildConfigurations = (
				1816D7771F39CC160050F336 /* Debug */,
				1816D7781F39CC160050F336 /* Release */,
			);
			defaultConfigurationIsVisible = 0;
			defaultConfigurationName = Release;
		};
/* End XCConfigurationList section */
	};
	rootObject = 1816D7671F39CC160050F336 /* Project object */;
}
